
Microsoft Visual Studio Solution File, Format Version 12.00
# Visual Studio Version 17
VisualStudioVersion = 17.0.32112.339
MinimumVisualStudioVersion = 10.0.40219.1
Project("{FAE04EC0-301F-11D3-BF4B-00C04F79EFBC}") = "GlobalMicMute", "GlobalMicMute\GlobalMicMute.csproj", "{DD8AE075-37CF-4175-8C8A-0F6E4AB59B18}"
EndProject
Global
	GlobalSection(SolutionConfigurationPlatforms) = preSolution
		Debug|Any CPU = Debug|Any CPU
		Release|Any CPU = Release|Any CPU
	EndGlobalSection
	GlobalSection(ProjectConfigurationPlatforms) = postSolution
		{DD8AE075-37CF-4175-8C8A-0F6E4AB59B18}.Debug|Any CPU.ActiveCfg = Debug|Any CPU
		{DD8AE075-37CF-4175-8C8A-0F6E4AB59B18}.Debug|Any CPU.Build.0 = Debug|Any CPU
		{DD8AE075-37CF-4175-8C8A-0F6E4AB59B18}.Release|Any CPU.ActiveCfg = Release|Any CPU
		{DD8AE075-37CF-4175-8C8A-0F6E4AB59B18}.Release|Any CPU.Build.0 = Release|Any CPU
	EndGlobalSection
	GlobalSection(SolutionProperties) = preSolution
		HideSolutionNode = FALSE
	EndGlobalSection
	GlobalSection(ExtensibilityGlobals) = postSolution
		SolutionGuid = {BC06E2D5-C9BA-4080-9CD1-9AF7FF39F196}
	EndGlobalSection
EndGlobal
